
Microsoft Visual Studio Solution File, Format Version 12.00
# Visual Studio Version 16
VisualStudioVersion = 16.0.30320.27
MinimumVisualStudioVersion = 10.0.40219.1
Project("{FAE04EC0-301F-11D3-BF4B-00C04F79EFBC}") = "TestAppClient", "TestAppClient\TestAppClient.csproj", "{37E6DC5F-2A11-4004-A0CB-8E8676FBDC29}"
EndProject
Project("{FAE04EC0-301F-11D3-BF4B-00C04F79EFBC}") = "WebTest", "WebTest\WebTest.csproj", "{3100ACC4-EA77-4339-914F-AF350061F3E5}"
EndProject
Project("{FAE04EC0-301F-11D3-BF4B-00C04F79EFBC}") = "Shared", "Shared\Shared.csproj", "{D62A2F01-2A55-44BA-A700-CF97D3772780}"
EndProject
Global
	GlobalSection(SolutionConfigurationPlatforms) = preSolution
		Debug|Any CPU = Debug|Any CPU
		Release|Any CPU = Release|Any CPU
	EndGlobalSection
	GlobalSection(ProjectConfigurationPlatforms) = postSolution
		{37E6DC5F-2A11-4004-A0CB-8E8676FBDC29}.Debug|Any CPU.ActiveCfg = Debug|Any CPU
		{37E6DC5F-2A11-4004-A0CB-8E8676FBDC29}.Debug|Any CPU.Build.0 = Debug|Any CPU
		{37E6DC5F-2A11-4004-A0CB-8E8676FBDC29}.Release|Any CPU.ActiveCfg = Release|Any CPU
		{37E6DC5F-2A11-4004-A0CB-8E8676FBDC29}.Release|Any CPU.Build.0 = Release|Any CPU
		{3100ACC4-EA77-4339-914F-AF350061F3E5}.Debug|Any CPU.ActiveCfg = Debug|Any CPU
		{3100ACC4-EA77-4339-914F-AF350061F3E5}.Debug|Any CPU.Build.0 = Debug|Any CPU
		{3100ACC4-EA77-4339-914F-AF350061F3E5}.Release|Any CPU.ActiveCfg = Release|Any CPU
		{3100ACC4-EA77-4339-914F-AF350061F3E5}.Release|Any CPU.Build.0 = Release|Any CPU
		{D62A2F01-2A55-44BA-A700-CF97D3772780}.Debug|Any CPU.ActiveCfg = Debug|Any CPU
		{D62A2F01-2A55-44BA-A700-CF97D3772780}.Debug|Any CPU.Build.0 = Debug|Any CPU
		{D62A2F01-2A55-44BA-A700-CF97D3772780}.Release|Any CPU.ActiveCfg = Release|Any CPU
		{D62A2F01-2A55-44BA-A700-CF97D3772780}.Release|Any CPU.Build.0 = Release|Any CPU
	EndGlobalSection
	GlobalSection(SolutionProperties) = preSolution
		HideSolutionNode = FALSE
	EndGlobalSection
	GlobalSection(ExtensibilityGlobals) = postSolution
		SolutionGuid = {925E2670-F178-4939-A798-BAA2130F616B}
	EndGlobalSection
EndGlobal
